{
    "_readme": [
        "This file locks the dependencies of your project to a known state",
        "Read more about it at https://getcomposer.org/doc/01-basic-usage.md#installing-dependencies",
        "This file is @generated automatically"
    ],
    "content-hash": "2c099cecd209e4eb4a516c913c2bddb7",
    "packages": [
        {
            "name": "sbwerewolf/language-specific",
            "version": "5.6.0",
            "source": {
                "type": "git",
                "url": "https://github.com/SbWereWolf/language-specific.git",
                "reference": "f98a0ab440212aed292bd24d87563081a52d9c4f"
            },
            "dist": {
                "type": "zip",
                "url": "https://api.github.com/repos/SbWereWolf/language-specific/zipball/f98a0ab440212aed292bd24d87563081a52d9c4f",
                "reference": "f98a0ab440212aed292bd24d87563081a52d9c4f",
                "shasum": ""
            },
            "require": {
                "php": "~5 || ~7"
            },
            "require-dev": {
                "friendsofphp/php-cs-fixer": "2.15.3",
                "phpunit/phpunit": "5.5.4"
            },
            "type": "library",
            "autoload": {
                "psr-4": {
                    "": "src/"
                }
            },
            "notification-url": "https://packagist.org/downloads/",
            "license": [
                "MIT"
            ],
            "authors": [
                {
                    "name": "Nikolay Volkhin",
                    "email": "ulfnew@gmail.com"
                }
            ],
            "description": "Library for using PHP specific features",
            "time": "2019-11-30T16:13:44+00:00"
        }
    ],
    "packages-dev": [],
    "aliases": [],
    "minimum-stability": "stable",
    "stability-flags": [],
    "prefer-stable": false,
    "prefer-lowest": false,
    "platform": {
        "ext-pdo": "*",
        "ext-json": "*",
        "ext-mysqli": "*",
        "ext-curl": "*"
    },
    "platform-dev": []
}
